
Microsoft Visual Studio Solution File, Format Version 12.00
# Visual Studio Version 17
VisualStudioVersion = 17.1.32228.430
MinimumVisualStudioVersion = 10.0.40219.1
Project("{FAE04EC0-301F-11D3-BF4B-00C04F79EFBC}") = "QuanLySinhVien", "QuanLySinhVien.csproj", "{97688838-8A8E-4BE6-9E61-221334334DDC}"
EndProject
Global
	GlobalSection(SolutionConfigurationPlatforms) = preSolution
		Debug|Any CPU = Debug|Any CPU
		Release|Any CPU = Release|Any CPU
	EndGlobalSection
	GlobalSection(ProjectConfigurationPlatforms) = postSolution
		{97688838-8A8E-4BE6-9E61-221334334DDC}.Debug|Any CPU.ActiveCfg = Debug|Any CPU
		{97688838-8A8E-4BE6-9E61-221334334DDC}.Debug|Any CPU.Build.0 = Debug|Any CPU
		{97688838-8A8E-4BE6-9E61-221334334DDC}.Release|Any CPU.ActiveCfg = Release|Any CPU
		{97688838-8A8E-4BE6-9E61-221334334DDC}.Release|Any CPU.Build.0 = Release|Any CPU
	EndGlobalSection
	GlobalSection(SolutionProperties) = preSolution
		HideSolutionNode = FALSE
	EndGlobalSection
	GlobalSection(ExtensibilityGlobals) = postSolution
		SolutionGuid = {17D7B247-DC17-47B0-94EA-B707B7345B40}
	EndGlobalSection
EndGlobal
